
Microsoft Visual Studio Solution File, Format Version 12.00
# Visual Studio Version 17
VisualStudioVersion = 17.13.35913.81
MinimumVisualStudioVersion = 10.0.40219.1
Project("{FAE04EC0-301F-11D3-BF4B-00C04F79EFBC}") = "BlazorApp5", "BlazorApp5\BlazorApp5.csproj", "{D1519012-22AF-4DB3-9A04-68B50E0F7A52}"
EndProject
Project("{FAE04EC0-301F-11D3-BF4B-00C04F79EFBC}") = "GetAndEditWO.UI", "GetAndEditWO.UI\GetAndEditWO.UI.csproj", "{49A6D4A0-DA38-4129-A8C7-AEFCA8A284AD}"
EndProject
Project("{FAE04EC0-301F-11D3-BF4B-00C04F79EFBC}") = "Contracts", "Contracts\Contracts.csproj", "{4C1821FC-D4F6-4C92-A104-2848EEB5D26B}"
EndProject
Global
	GlobalSection(SolutionConfigurationPlatforms) = preSolution
		Debug|Any CPU = Debug|Any CPU
		Debug|x64 = Debug|x64
		Debug|x86 = Debug|x86
		Release|Any CPU = Release|Any CPU
		Release|x64 = Release|x64
		Release|x86 = Release|x86
	EndGlobalSection
	GlobalSection(ProjectConfigurationPlatforms) = postSolution
		{D1519012-22AF-4DB3-9A04-68B50E0F7A52}.Debug|Any CPU.ActiveCfg = Debug|Any CPU
		{D1519012-22AF-4DB3-9A04-68B50E0F7A52}.Debug|Any CPU.Build.0 = Debug|Any CPU
		{D1519012-22AF-4DB3-9A04-68B50E0F7A52}.Debug|x64.ActiveCfg = Debug|Any CPU
		{D1519012-22AF-4DB3-9A04-68B50E0F7A52}.Debug|x64.Build.0 = Debug|Any CPU
		{D1519012-22AF-4DB3-9A04-68B50E0F7A52}.Debug|x86.ActiveCfg = Debug|Any CPU
		{D1519012-22AF-4DB3-9A04-68B50E0F7A52}.Debug|x86.Build.0 = Debug|Any CPU
		{D1519012-22AF-4DB3-9A04-68B50E0F7A52}.Release|Any CPU.ActiveCfg = Release|Any CPU
		{D1519012-22AF-4DB3-9A04-68B50E0F7A52}.Release|Any CPU.Build.0 = Release|Any CPU
		{D1519012-22AF-4DB3-9A04-68B50E0F7A52}.Release|x64.ActiveCfg = Release|Any CPU
		{D1519012-22AF-4DB3-9A04-68B50E0F7A52}.Release|x64.Build.0 = Release|Any CPU
		{D1519012-22AF-4DB3-9A04-68B50E0F7A52}.Release|x86.ActiveCfg = Release|Any CPU
		{D1519012-22AF-4DB3-9A04-68B50E0F7A52}.Release|x86.Build.0 = Release|Any CPU
		{49A6D4A0-DA38-4129-A8C7-AEFCA8A284AD}.Debug|Any CPU.ActiveCfg = Debug|Any CPU
		{49A6D4A0-DA38-4129-A8C7-AEFCA8A284AD}.Debug|Any CPU.Build.0 = Debug|Any CPU
		{49A6D4A0-DA38-4129-A8C7-AEFCA8A284AD}.Debug|x64.ActiveCfg = Debug|Any CPU
		{49A6D4A0-DA38-4129-A8C7-AEFCA8A284AD}.Debug|x64.Build.0 = Debug|Any CPU
		{49A6D4A0-DA38-4129-A8C7-AEFCA8A284AD}.Debug|x86.ActiveCfg = Debug|Any CPU
		{49A6D4A0-DA38-4129-A8C7-AEFCA8A284AD}.Debug|x86.Build.0 = Debug|Any CPU
		{49A6D4A0-DA38-4129-A8C7-AEFCA8A284AD}.Release|Any CPU.ActiveCfg = Release|Any CPU
		{49A6D4A0-DA38-4129-A8C7-AEFCA8A284AD}.Release|Any CPU.Build.0 = Release|Any CPU
		{49A6D4A0-DA38-4129-A8C7-AEFCA8A284AD}.Release|x64.ActiveCfg = Release|Any CPU
		{49A6D4A0-DA38-4129-A8C7-AEFCA8A284AD}.Release|x64.Build.0 = Release|Any CPU
		{49A6D4A0-DA38-4129-A8C7-AEFCA8A284AD}.Release|x86.ActiveCfg = Release|Any CPU
		{49A6D4A0-DA38-4129-A8C7-AEFCA8A284AD}.Release|x86.Build.0 = Release|Any CPU
		{4C1821FC-D4F6-4C92-A104-2848EEB5D26B}.Debug|Any CPU.ActiveCfg = Debug|Any CPU
		{4C1821FC-D4F6-4C92-A104-2848EEB5D26B}.Debug|Any CPU.Build.0 = Debug|Any CPU
		{4C1821FC-D4F6-4C92-A104-2848EEB5D26B}.Debug|x64.ActiveCfg = Debug|Any CPU
		{4C1821FC-D4F6-4C92-A104-2848EEB5D26B}.Debug|x64.Build.0 = Debug|Any CPU
		{4C1821FC-D4F6-4C92-A104-2848EEB5D26B}.Debug|x86.ActiveCfg = Debug|Any CPU
		{4C1821FC-D4F6-4C92-A104-2848EEB5D26B}.Debug|x86.Build.0 = Debug|Any CPU
		{4C1821FC-D4F6-4C92-A104-2848EEB5D26B}.Release|Any CPU.ActiveCfg = Release|Any CPU
		{4C1821FC-D4F6-4C92-A104-2848EEB5D26B}.Release|Any CPU.Build.0 = Release|Any CPU
		{4C1821FC-D4F6-4C92-A104-2848EEB5D26B}.Release|x64.ActiveCfg = Release|Any CPU
		{4C1821FC-D4F6-4C92-A104-2848EEB5D26B}.Release|x64.Build.0 = Release|Any CPU
		{4C1821FC-D4F6-4C92-A104-2848EEB5D26B}.Release|x86.ActiveCfg = Release|Any CPU
		{4C1821FC-D4F6-4C92-A104-2848EEB5D26B}.Release|x86.Build.0 = Release|Any CPU
	EndGlobalSection
	GlobalSection(SolutionProperties) = preSolution
		HideSolutionNode = FALSE
	EndGlobalSection
	GlobalSection(ExtensibilityGlobals) = postSolution
		SolutionGuid = {7191890F-D32B-44E9-9B19-902B40CE8C33}
	EndGlobalSection
EndGlobal
